{
  "name": "FARMSYS",
  "lockfileVersion": 3,
  "requires": true,
  "packages": {
    "": {
      "dependencies": {
        "http-status": "^1.7.4",
        "ncrypt-js": "^2.1.1"
      }
    },
    "node_modules/http-status": {
      "version": "1.7.4",
      "resolved": "https://registry.npmjs.org/http-status/-/http-status-1.7.4.tgz",
      "integrity": "sha512-c2qSwNtTlHVYAhMj9JpGdyo0No/+DiKXCJ9pHtZ2Yf3QmPnBIytKSRT7BuyIiQ7icXLynavGmxUqkOjSrAuMuA==",
      "engines": {
        "node": ">= 0.4.0"
      }
    },
    "node_modules/ncrypt-js": {
      "version": "2.1.1",
      "resolved": "https://registry.npmjs.org/ncrypt-js/-/ncrypt-js-2.1.1.tgz",
      "integrity": "sha512-GGFrnBLKTx1uSLNNIN+zKvPrcAFKL7vo/ghrhg9Sc1cJSi6Xti2+SYZSkZetLt3EJRK5+k9cXB5Bjd8C5ZKEVA=="
    }
  }
}
